// !$*UTF8*$!
{
	archiveVersion = 1;
	classes = {
	};
	objectVersion = 56;
	objects = {

/* Begin PBXBuildFile section */
		54EFC90B2A96026E00C193E6 /* AppDelegate.swift in Sources */ = {isa = PBXBuildFile; fileRef = 54EFC90A2A96026E00C193E6 /* AppDelegate.swift */; };
		54EFC90D2A96026E00C193E6 /* SceneDelegate.swift in Sources */ = {isa = PBXBuildFile; fileRef = 54EFC90C2A96026E00C193E6 /* SceneDelegate.swift */; };
		54EFC90F2A96026E00C193E6 /* ViewController.swift in Sources */ = {isa = PBXBuildFile; fileRef = 54EFC90E2A96026E00C193E6 /* ViewController.swift */; };
		54EFC9142A96026F00C193E6 /* Assets.xcassets in Resources */ = {isa = PBXBuildFile; fileRef = 54EFC9132A96026F00C193E6 /* Assets.xcassets */; };
		54EFC9172A96026F00C193E6 /* LaunchScreen.storyboard in Resources */ = {isa = PBXBuildFile; fileRef = 54EFC9152A96026F00C193E6 /* LaunchScreen.storyboard */; };
		54EFC9202A96027B00C193E6 /* SnapKit in Frameworks */ = {isa = PBXBuildFile; productRef = 54EFC91F2A96027A00C193E6 /* SnapKit */; };
		54EFC9232A96031F00C193E6 /* Fetchup in Frameworks */ = {isa = PBXBuildFile; productRef = 54EFC9222A96031F00C193E6 /* Fetchup */; };
/* End PBXBuildFile section */

/* Begin PBXFileReference section */
		54EFC9072A96026E00C193E6 /* TinkoffStocks.app */ = {isa = PBXFileReference; explicitFileType = wrapper.application; includeInIndex = 0; path = TinkoffStocks.app; sourceTree = BUILT_PRODUCTS_DIR; };
		54EFC90A2A96026E00C193E6 /* AppDelegate.swift */ = {isa = PBXFileReference; lastKnownFileType = sourcecode.swift; path = AppDelegate.swift; sourceTree = "<group>"; };
		54EFC90C2A96026E00C193E6 /* SceneDelegate.swift */ = {isa = PBXFileReference; lastKnownFileType = sourcecode.swift; path = SceneDelegate.swift; sourceTree = "<group>"; };
		54EFC90E2A96026E00C193E6 /* ViewController.swift */ = {isa = PBXFileReference; lastKnownFileType = sourcecode.swift; path = ViewController.swift; sourceTree = "<group>"; };
		54EFC9132A96026F00C193E6 /* Assets.xcassets */ = {isa = PBXFileReference; lastKnownFileType = folder.assetcatalog; path = Assets.xcassets; sourceTree = "<group>"; };
		54EFC9162A96026F00C193E6 /* Base */ = {isa = PBXFileReference; lastKnownFileType = file.storyboard; name = Base; path = Base.lproj/LaunchScreen.storyboard; sourceTree = "<group>"; };
		54EFC9182A96026F00C193E6 /* Info.plist */ = {isa = PBXFileReference; lastKnownFileType = text.plist.xml; path = Info.plist; sourceTree = "<group>"; };
/* End PBXFileReference section */

/* Begin PBXFrameworksBuildPhase section */
		54EFC9042A96026E00C193E6 /* Frameworks */ = {
			isa = PBXFrameworksBuildPhase;
			buildActionMask = 2147483647;
			files = (
				54EFC9232A96031F00C193E6 /* Fetchup in Frameworks */,
				54EFC9202A96027B00C193E6 /* SnapKit in Frameworks */,
			);
			runOnlyForDeploymentPostprocessing = 0;
		};
/* End PBXFrameworksBuildPhase section */

/* Begin PBXGroup section */
		54EFC8FE2A96026E00C193E6 = {
			isa = PBXGroup;
			children = (
				54EFC9092A96026E00C193E6 /* TinkoffStocks */,
				54EFC9082A96026E00C193E6 /* Products */,
			);
			sourceTree = "<group>";
		};
		54EFC9082A96026E00C193E6 /* Products */ = {
			isa = PBXGroup;
			children = (
				54EFC9072A96026E00C193E6 /* TinkoffStocks.app */,
			);
			name = Products;
			sourceTree = "<group>";
		};
		54EFC9092A96026E00C193E6 /* TinkoffStocks */ = {
			isa = PBXGroup;
			children = (
				54EFC9242A96035400C193E6 /* Application */,
				54EFC9262A96038300C193E6 /* Screens */,
				54EFC9252A96037B00C193E6 /* Support */,
			);
			path = TinkoffStocks;
			sourceTree = "<group>";
		};
		54EFC9242A96035400C193E6 /* Application */ = {
			isa = PBXGroup;
			children = (
				54EFC90A2A96026E00C193E6 /* AppDelegate.swift */,
				54EFC90C2A96026E00C193E6 /* SceneDelegate.swift */,
			);
			path = Application;
			sourceTree = "<group>";
		};
		54EFC9252A96037B00C193E6 /* Support */ = {
			isa = PBXGroup;
			children = (
				54EFC9132A96026F00C193E6 /* Assets.xcassets */,
				54EFC9152A96026F00C193E6 /* LaunchScreen.storyboard */,
				54EFC9182A96026F00C193E6 /* Info.plist */,
			);
			path = Support;
			sourceTree = "<group>";
		};
		54EFC9262A96038300C193E6 /* Screens */ = {
			isa = PBXGroup;
			children = (
				54EFC9272A96048300C193E6 /* FirstScreen */,
			);
			path = Screens;
			sourceTree = "<group>";
		};
		54EFC9272A96048300C193E6 /* FirstScreen */ = {
			isa = PBXGroup;
			children = (
				54EFC90E2A96026E00C193E6 /* ViewController.swift */,
			);
			path = FirstScreen;
			sourceTree = "<group>";
		};
/* End PBXGroup section */

/* Begin PBXNativeTarget section */
		54EFC9062A96026E00C193E6 /* TinkoffStocks */ = {
			isa = PBXNativeTarget;
			buildConfigurationList = 54EFC91B2A96026F00C193E6 /* Build configuration list for PBXNativeTarget "TinkoffStocks" */;
			buildPhases = (
				54EFC9032A96026E00C193E6 /* Sources */,
				54EFC9042A96026E00C193E6 /* Frameworks */,
				54EFC9052A96026E00C193E6 /* Resources */,
			);
			buildRules = (
			);
			dependencies = (
			);
			name = TinkoffStocks;
			packageProductDependencies = (
				54EFC91F2A96027A00C193E6 /* SnapKit */,
				54EFC9222A96031F00C193E6 /* Fetchup */,
			);
			productName = TinkoffStocks;
			productReference = 54EFC9072A96026E00C193E6 /* TinkoffStocks.app */;
			productType = "com.apple.product-type.application";
		};
/* End PBXNativeTarget section */

/* Begin PBXProject section */
		54EFC8FF2A96026E00C193E6 /* Project object */ = {
			isa = PBXProject;
			attributes = {
				BuildIndependentTargetsInParallel = 1;
				LastSwiftUpdateCheck = 1430;
				LastUpgradeCheck = 1430;
				TargetAttributes = {
					54EFC9062A96026E00C193E6 = {
						CreatedOnToolsVersion = 14.3.1;
					};
				};
			};
			buildConfigurationList = 54EFC9022A96026E00C193E6 /* Build configuration list for PBXProject "TinkoffStocks" */;
			compatibilityVersion = "Xcode 14.0";
			developmentRegion = en;
			hasScannedForEncodings = 0;
			knownRegions = (
				en,
				Base,
			);
			mainGroup = 54EFC8FE2A96026E00C193E6;
			packageReferences = (
				54EFC91E2A96027A00C193E6 /* XCRemoteSwiftPackageReference "SnapKit" */,
				54EFC9212A96031F00C193E6 /* XCRemoteSwiftPackageReference "Fetchup" */,
			);
			productRefGroup = 54EFC9082A96026E00C193E6 /* Products */;
			projectDirPath = "";
			projectRoot = "";
			targets = (
				54EFC9062A96026E00C193E6 /* TinkoffStocks */,
			);
		};
/* End PBXProject section */

/* Begin PBXResourcesBuildPhase section */
		54EFC9052A96026E00C193E6 /* Resources */ = {
			isa = PBXResourcesBuildPhase;
			buildActionMask = 2147483647;
			files = (
				54EFC9172A96026F00C193E6 /* LaunchScreen.storyboard in Resources */,
				54EFC9142A96026F00C193E6 /* Assets.xcassets in Resources */,
			);
			runOnlyForDeploymentPostprocessing = 0;
		};
/* End PBXResourcesBuildPhase section */

/* Begin PBXSourcesBuildPhase section */
		54EFC9032A96026E00C193E6 /* Sources */ = {
			isa = PBXSourcesBuildPhase;
			buildActionMask = 2147483647;
			files = (
				54EFC90F2A96026E00C193E6 /* ViewController.swift in Sources */,
				54EFC90B2A96026E00C193E6 /* AppDelegate.swift in Sources */,
				54EFC90D2A96026E00C193E6 /* SceneDelegate.swift in Sources */,
			);
			runOnlyForDeploymentPostprocessing = 0;
		};
/* End PBXSourcesBuildPhase section */

/* Begin PBXVariantGroup section */
		54EFC9152A96026F00C193E6 /* LaunchScreen.storyboard */ = {
			isa = PBXVariantGroup;
			children = (
				54EFC9162A96026F00C193E6 /* Base */,
			);
			name = LaunchScreen.storyboard;
			sourceTree = "<group>";
		};
/* End PBXVariantGroup section */

/* Begin XCBuildConfiguration section */
		54EFC9192A96026F00C193E6 /* Debug */ = {
			isa = XCBuildConfiguration;
			buildSettings = {
				ALWAYS_SEARCH_USER_PATHS = NO;
				CLANG_ANALYZER_NONNULL = YES;
				CLANG_ANALYZER_NUMBER_OBJECT_CONVERSION = YES_AGGRESSIVE;
				CLANG_CXX_LANGUAGE_STANDARD = "gnu++20";
				CLANG_ENABLE_MODULES = YES;
				CLANG_ENABLE_OBJC_ARC = YES;
				CLANG_ENABLE_OBJC_WEAK = YES;
				CLANG_WARN_BLOCK_CAPTURE_AUTORELEASING = YES;
				CLANG_WARN_BOOL_CONVERSION = YES;
				CLANG_WARN_COMMA = YES;
				CLANG_WARN_CONSTANT_CONVERSION = YES;
				CLANG_WARN_DEPRECATED_OBJC_IMPLEMENTATIONS = YES;
				CLANG_WARN_DIRECT_OBJC_ISA_USAGE = YES_ERROR;
				CLANG_WARN_DOCUMENTATION_COMMENTS = YES;
				CLANG_WARN_EMPTY_BODY = YES;
				CLANG_WARN_ENUM_CONVERSION = YES;
				CLANG_WARN_INFINITE_RECURSION = YES;
				CLANG_WARN_INT_CONVERSION = YES;
				CLANG_WARN_NON_LITERAL_NULL_CONVERSION = YES;
				CLANG_WARN_OBJC_IMPLICIT_RETAIN_SELF = YES;
				CLANG_WARN_OBJC_LITERAL_CONVERSION = YES;
				CLANG_WARN_OBJC_ROOT_CLASS = YES_ERROR;
				CLANG_WARN_QUOTED_INCLUDE_IN_FRAMEWORK_HEADER = YES;
				CLANG_WARN_RANGE_LOOP_ANALYSIS = YES;
				CLANG_WARN_STRICT_PROTOTYPES = YES;
				CLANG_WARN_SUSPICIOUS_MOVE = YES;
				CLANG_WARN_UNGUARDED_AVAILABILITY = YES_AGGRESSIVE;
				CLANG_WARN_UNREACHABLE_CODE = YES;
				CLANG_WARN__DUPLICATE_METHOD_MATCH = YES;
				COPY_PHASE_STRIP = NO;
				DEBUG_INFORMATION_FORMAT = dwarf;
				ENABLE_STRICT_OBJC_MSGSEND = YES;
				ENABLE_TESTABILITY = YES;
				GCC_C_LANGUAGE_STANDARD = gnu11;
				GCC_DYNAMIC_NO_PIC = NO;
				GCC_NO_COMMON_BLOCKS = YES;
				GCC_OPTIMIZATION_LEVEL = 0;
				GCC_PREPROCESSOR_DEFINITIONS = (
					"DEBUG=1",
					"$(inherited)",
				);
				GCC_WARN_64_TO_32_BIT_CONVERSION = YES;
				GCC_WARN_ABOUT_RETURN_TYPE = YES_ERROR;
				GCC_WARN_UNDECLARED_SELECTOR = YES;
				GCC_WARN_UNINITIALIZED_AUTOS = YES_AGGRESSIVE;
				GCC_WARN_UNUSED_FUNCTION = YES;
				GCC_WARN_UNUSED_VARIABLE = YES;
				IPHONEOS_DEPLOYMENT_TARGET = 16.4;
				MTL_ENABLE_DEBUG_INFO = INCLUDE_SOURCE;
				MTL_FAST_MATH = YES;
				ONLY_ACTIVE_ARCH = YES;
				SDKROOT = iphoneos;
				SWIFT_ACTIVE_COMPILATION_CONDITIONS = DEBUG;
				SWIFT_OPTIMIZATION_LEVEL = "-Onone";
			};
			name = Debug;
		};
		54EFC91A2A96026F00C193E6 /* Release */ = {
			isa = XCBuildConfiguration;
			buildSettings = {
				ALWAYS_SEARCH_USER_PATHS = NO;
				CLANG_ANALYZER_NONNULL = YES;
				CLANG_ANALYZER_NUMBER_OBJECT_CONVERSION = YES_AGGRESSIVE;
				CLANG_CXX_LANGUAGE_STANDARD = "gnu++20";
				CLANG_ENABLE_MODULES = YES;
				CLANG_ENABLE_OBJC_ARC = YES;
				CLANG_ENABLE_OBJC_WEAK = YES;
				CLANG_WARN_BLOCK_CAPTURE_AUTORELEASING = YES;
				CLANG_WARN_BOOL_CONVERSION = YES;
				CLANG_WARN_COMMA = YES;
				CLANG_WARN_CONSTANT_CONVERSION = YES;
				CLANG_WARN_DEPRECATED_OBJC_IMPLEMENTATIONS = YES;
				CLANG_WARN_DIRECT_OBJC_ISA_USAGE = YES_ERROR;
				CLANG_WARN_DOCUMENTATION_COMMENTS = YES;
				CLANG_WARN_EMPTY_BODY = YES;
				CLANG_WARN_ENUM_CONVERSION = YES;
				CLANG_WARN_INFINITE_RECURSION = YES;
				CLANG_WARN_INT_CONVERSION = YES;
				CLANG_WARN_NON_LITERAL_NULL_CONVERSION = YES;
				CLANG_WARN_OBJC_IMPLICIT_RETAIN_SELF = YES;
				CLANG_WARN_OBJC_LITERAL_CONVERSION = YES;
				CLANG_WARN_OBJC_ROOT_CLASS = YES_ERROR;
				CLANG_WARN_QUOTED_INCLUDE_IN_FRAMEWORK_HEADER = YES;
				CLANG_WARN_RANGE_LOOP_ANALYSIS = YES;
				CLANG_WARN_STRICT_PROTOTYPES = YES;
				CLANG_WARN_SUSPICIOUS_MOVE = YES;
				CLANG_WARN_UNGUARDED_AVAILABILITY = YES_AGGRESSIVE;
				CLANG_WARN_UNREACHABLE_CODE = YES;
				CLANG_WARN__DUPLICATE_METHOD_MATCH = YES;
				COPY_PHASE_STRIP = NO;
				DEBUG_INFORMATION_FORMAT = "dwarf-with-dsym";
				ENABLE_NS_ASSERTIONS = NO;
				ENABLE_STRICT_OBJC_MSGSEND = YES;
				GCC_C_LANGUAGE_STANDARD = gnu11;
				GCC_NO_COMMON_BLOCKS = YES;
				GCC_WARN_64_TO_32_BIT_CONVERSION = YES;
				GCC_WARN_ABOUT_RETURN_TYPE = YES_ERROR;
				GCC_WARN_UNDECLARED_SELECTOR = YES;
				GCC_WARN_UNINITIALIZED_AUTOS = YES_AGGRESSIVE;
				GCC_WARN_UNUSED_FUNCTION = YES;
				GCC_WARN_UNUSED_VARIABLE = YES;
				IPHONEOS_DEPLOYMENT_TARGET = 16.4;
				MTL_ENABLE_DEBUG_INFO = NO;
				MTL_FAST_MATH = YES;
				SDKROOT = iphoneos;
				SWIFT_COMPILATION_MODE = wholemodule;
				SWIFT_OPTIMIZATION_LEVEL = "-O";
				VALIDATE_PRODUCT = YES;
			};
			name = Release;
		};
		54EFC91C2A96026F00C193E6 /* Debug */ = {
			isa = XCBuildConfiguration;
			buildSettings = {
				ASSETCATALOG_COMPILER_APPICON_NAME = AppIcon;
				ASSETCATALOG_COMPILER_GLOBAL_ACCENT_COLOR_NAME = AccentColor;
				"CODE_SIGN_IDENTITY[sdk=iphoneos*]" = "iPhone Developer";
				CODE_SIGN_STYLE = Manual;
				CURRENT_PROJECT_VERSION = 1;
				DEVELOPMENT_TEAM = "";
				"DEVELOPMENT_TEAM[sdk=iphoneos*]" = S8MQ8U94R3;
				GENERATE_INFOPLIST_FILE = YES;
				INFOPLIST_FILE = TinkoffStocks/Support/Info.plist;
				INFOPLIST_KEY_UIApplicationSupportsIndirectInputEvents = YES;
				INFOPLIST_KEY_UILaunchStoryboardName = LaunchScreen;
				INFOPLIST_KEY_UISupportedInterfaceOrientations = UIInterfaceOrientationPortrait;
				INFOPLIST_KEY_UISupportedInterfaceOrientations_iPad = "UIInterfaceOrientationLandscapeLeft UIInterfaceOrientationLandscapeRight UIInterfaceOrientationPortrait UIInterfaceOrientationPortraitUpsideDown";
				LD_RUNPATH_SEARCH_PATHS = (
					"$(inherited)",
					"@executable_path/Frameworks",
				);
				MARKETING_VERSION = 1.0;
				PRODUCT_BUNDLE_IDENTIFIER = com.yigitcakir90800.sleepcha.TinkoffStocks;
				PRODUCT_NAME = "$(TARGET_NAME)";
				PROVISIONING_PROFILE_SPECIFIER = "";
				"PROVISIONING_PROFILE_SPECIFIER[sdk=iphoneos*]" = "sleepchaa@gmail.com_00008110-000C798034D1801E";
				SWIFT_EMIT_LOC_STRINGS = YES;
				SWIFT_VERSION = 5.0;
				TARGETED_DEVICE_FAMILY = "1,2";
			};
			name = Debug;
		};
		54EFC91D2A96026F00C193E6 /* Release */ = {
			isa = XCBuildConfiguration;
			buildSettings = {
				ASSETCATALOG_COMPILER_APPICON_NAME = AppIcon;
				ASSETCATALOG_COMPILER_GLOBAL_ACCENT_COLOR_NAME = AccentColor;
				"CODE_SIGN_IDENTITY[sdk=iphoneos*]" = "iPhone Developer";
				CODE_SIGN_STYLE = Manual;
				CURRENT_PROJECT_VERSION = 1;
				DEVELOPMENT_TEAM = "";
				"DEVELOPMENT_TEAM[sdk=iphoneos*]" = S8MQ8U94R3;
				GENERATE_INFOPLIST_FILE = YES;
				INFOPLIST_FILE = TinkoffStocks/Support/Info.plist;
				INFOPLIST_KEY_UIApplicationSupportsIndirectInputEvents = YES;
				INFOPLIST_KEY_UILaunchStoryboardName = LaunchScreen;
				INFOPLIST_KEY_UISupportedInterfaceOrientations = UIInterfaceOrientationPortrait;
				INFOPLIST_KEY_UISupportedInterfaceOrientations_iPad = "UIInterfaceOrientationLandscapeLeft UIInterfaceOrientationLandscapeRight UIInterfaceOrientationPortrait UIInterfaceOrientationPortraitUpsideDown";
				LD_RUNPATH_SEARCH_PATHS = (
					"$(inherited)",
					"@executable_path/Frameworks",
				);
				MARKETING_VERSION = 1.0;
				PRODUCT_BUNDLE_IDENTIFIER = com.yigitcakir90800.sleepcha.TinkoffStocks;
				PRODUCT_NAME = "$(TARGET_NAME)";
				PROVISIONING_PROFILE_SPECIFIER = "";
				"PROVISIONING_PROFILE_SPECIFIER[sdk=iphoneos*]" = "sleepchaa@gmail.com_00008110-000C798034D1801E";
				SWIFT_EMIT_LOC_STRINGS = YES;
				SWIFT_VERSION = 5.0;
				TARGETED_DEVICE_FAMILY = "1,2";
			};
			name = Release;
		};
/* End XCBuildConfiguration section */

/* Begin XCConfigurationList section */
		54EFC9022A96026E00C193E6 /* Build configuration list for PBXProject "TinkoffStocks" */ = {
			isa = XCConfigurationList;
			buildConfigurations = (
				54EFC9192A96026F00C193E6 /* Debug */,
				54EFC91A2A96026F00C193E6 /* Release */,
			);
			defaultConfigurationIsVisible = 0;
			defaultConfigurationName = Release;
		};
		54EFC91B2A96026F00C193E6 /* Build configuration list for PBXNativeTarget "TinkoffStocks" */ = {
			isa = XCConfigurationList;
			buildConfigurations = (
				54EFC91C2A96026F00C193E6 /* Debug */,
				54EFC91D2A96026F00C193E6 /* Release */,
			);
			defaultConfigurationIsVisible = 0;
			defaultConfigurationName = Release;
		};
/* End XCConfigurationList section */

/* Begin XCRemoteSwiftPackageReference section */
		54EFC91E2A96027A00C193E6 /* XCRemoteSwiftPackageReference "SnapKit" */ = {
			isa = XCRemoteSwiftPackageReference;
			repositoryURL = "https://github.com/SnapKit/SnapKit.git";
			requirement = {
				kind = upToNextMajorVersion;
				minimumVersion = 5.0.0;
			};
		};
		54EFC9212A96031F00C193E6 /* XCRemoteSwiftPackageReference "Fetchup" */ = {
			isa = XCRemoteSwiftPackageReference;
			repositoryURL = "https://github.com/sleepcha/Fetchup";
			requirement = {
				branch = main;
				kind = branch;
			};
		};
/* End XCRemoteSwiftPackageReference section */

/* Begin XCSwiftPackageProductDependency section */
		54EFC91F2A96027A00C193E6 /* SnapKit */ = {
			isa = XCSwiftPackageProductDependency;
			package = 54EFC91E2A96027A00C193E6 /* XCRemoteSwiftPackageReference "SnapKit" */;
			productName = SnapKit;
		};
		54EFC9222A96031F00C193E6 /* Fetchup */ = {
			isa = XCSwiftPackageProductDependency;
			package = 54EFC9212A96031F00C193E6 /* XCRemoteSwiftPackageReference "Fetchup" */;
			productName = Fetchup;
		};
/* End XCSwiftPackageProductDependency section */
	};
	rootObject = 54EFC8FF2A96026E00C193E6 /* Project object */;
}
